{
    "name": "node-red-project",
    "version": "0.0.1",
    "lockfileVersion": 1,
    "requires": true,
    "dependencies": {
        "node-red-contrib-counter": {
            "version": "0.1.6",
            "resolved": "https://registry.npmjs.org/node-red-contrib-counter/-/node-red-contrib-counter-0.1.6.tgz",
            "integrity": "sha512-rgNuF7NtmCi3U/W+WU3CxcaCOEVxkZZBM+sMuZmvH7n1/cyUeVuera4si8A/J2NKl5/1kzoFoVKHvWCydwYKRg=="
        }
    }
}
